<?xml version="1.0" encoding="utf-8"?>
<Project ToolsVersion="4.0" xmlns="http://schemas.microsoft.com/developer/msbuild/2003">
  <ItemGroup>
    <Filter Include="Source Files">
      <UniqueIdentifier>{4FC737F1-C7A5-4376-A066-2A32D752A2FF}</UniqueIdentifier>
      <Extensions>cpp;c;cc;cxx;def;odl;idl;hpj;bat;asm;asmx</Extensions>
    </Filter>
    <Filter Include="Source Files\draw">
      <UniqueIdentifier>{3d0fa6fc-9582-4386-885b-f20a94a9e793}</UniqueIdentifier>
    </Filter>
    <Filter Include="Source Files\fuse">
      <UniqueIdentifier>{4aa74518-e829-4321-b374-ee4c8caaadb5}</UniqueIdentifier>
    </Filter>
    <Filter Include="Source Files\draw\scripts">
      <UniqueIdentifier>{f638ff6d-a6dd-4bf2-99a9-018f9396bafe}</UniqueIdentifier>
    </Filter>
    <Filter Include="Source Files\draw\graphics">
      <UniqueIdentifier>{e705f10c-aecd-4dbd-bb6f-cab53e3a59bc}</UniqueIdentifier>
    </Filter>
    <Filter Include="Source Files\draw\scripts\generation">
      <UniqueIdentifier>{ab51ae2f-ee34-4cbd-a204-621c9ec29054}</UniqueIdentifier>
    </Filter>
  </ItemGroup>
  <ItemGroup>
    <ClCompile Include="source\main.cpp">
      <Filter>Source Files</Filter>
    </ClCompile>
    <ClCompile Include="source\ConsoleCanvas.cpp">
      <Filter>Source Files\draw\graphics</Filter>
    </ClCompile>
    <ClCompile Include="source\ScriptUpdateRect.cpp">
      <Filter>Source Files\draw\scripts</Filter>
    </ClCompile>
    <ClCompile Include="source\Grid.cpp">
      <Filter>Source Files\draw\scripts\generation</Filter>
    </ClCompile>
    <ClCompile Include="source\Node.cpp">
      <Filter>Source Files\draw\scripts\generation</Filter>
    </ClCompile>
    <ClCompile Include="source\ScriptPathFinding.cpp">
      <Filter>Source Files\draw\scripts</Filter>
    </ClCompile>
  </ItemGroup>
  <ItemGroup>
    <ClInclude Include="source\fuse\classes.h">
      <Filter>Source Files\fuse</Filter>
    </ClInclude>
    <ClInclude Include="source\fuse\classes\include.h">
      <Filter>Source Files\fuse</Filter>
    </ClInclude>
    <ClInclude Include="source\fuse\classes\maths\include.h">
      <Filter>Source Files\fuse</Filter>
    </ClInclude>
    <ClInclude Include="source\fuse\classes\maths\detail\type-swizzle.h">
      <Filter>Source Files\fuse</Filter>
    </ClInclude>
    <ClInclude Include="source\fuse\classes\maths\detail\type-swizzle-0.h">
      <Filter>Source Files\fuse</Filter>
    </ClInclude>
    <ClInclude Include="source\fuse\classes\maths\detail\type-swizzle-1.h">
      <Filter>Source Files\fuse</Filter>
    </ClInclude>
    <ClInclude Include="source\fuse\classes\maths\detail\type-swizzle-2.h">
      <Filter>Source Files\fuse</Filter>
    </ClInclude>
    <ClInclude Include="source\fuse\classes\type-Transform.h">
      <Filter>Source Files\fuse</Filter>
    </ClInclude>
    <ClInclude Include="source\fuse\classes\maths\vector\type-vec2.h">
      <Filter>Source Files\fuse</Filter>
    </ClInclude>
    <ClInclude Include="source\fuse\classes\maths\vector\type-vec3.h">
      <Filter>Source Files\fuse</Filter>
    </ClInclude>
    <ClInclude Include="source\fuse\classes\maths\vector\type-vec4.h">
      <Filter>Source Files\fuse</Filter>
    </ClInclude>
    <ClInclude Include="source\main.h">
      <Filter>Source Files</Filter>
    </ClInclude>
    <ClInclude Include="source\ConsoleCanvas.h">
      <Filter>Source Files\draw\graphics</Filter>
    </ClInclude>
    <ClInclude Include="source\Grid.h">
      <Filter>Source Files\draw\scripts\generation</Filter>
    </ClInclude>
    <ClInclude Include="source\Node.h">
      <Filter>Source Files\draw\scripts\generation</Filter>
    </ClInclude>
    <ClInclude Include="source\Script.h">
      <Filter>Source Files\draw\scripts</Filter>
    </ClInclude>
    <ClInclude Include="source\ScriptUpdateRect.h">
      <Filter>Source Files\draw\scripts</Filter>
    </ClInclude>
    <ClInclude Include="source\ScriptPathFinding.h">
      <Filter>Source Files\draw\scripts</Filter>
    </ClInclude>
  </ItemGroup>
</Project>