<?xml version="1.0" encoding="utf-8"?>
<Project ToolsVersion="4.0" xmlns="http://schemas.microsoft.com/developer/msbuild/2003">
  <ItemGroup>
    <Filter Include="Source Files">
      <UniqueIdentifier>{4FC737F1-C7A5-4376-A066-2A32D752A2FF}</UniqueIdentifier>
      <Extensions>cpp;c;cc;cxx;def;odl;idl;hpj;bat;asm;asmx</Extensions>
    </Filter>
    <Filter Include="Source Files\draw">
      <UniqueIdentifier>{3d0fa6fc-9582-4386-885b-f20a94a9e793}</UniqueIdentifier>
    </Filter>
  </ItemGroup>
  <ItemGroup>
    <ClCompile Include="source\main.cpp">
      <Filter>Source Files</Filter>
    </ClCompile>
    <ClCompile Include="source\draw\core\type-buffer.cpp">
      <Filter>Source Files\draw</Filter>
    </ClCompile>
    <ClCompile Include="source\draw\core\type-shader.cpp">
      <Filter>Source Files\draw</Filter>
    </ClCompile>
    <ClCompile Include="source\draw\type-graphics.cpp">
      <Filter>Source Files</Filter>
    </ClCompile>
  </ItemGroup>
  <ItemGroup>
    <ClInclude Include="source\draw\core\detail.h" />
    <ClInclude Include="source\draw\core\type-buffer.h">
      <Filter>Source Files\draw</Filter>
    </ClInclude>
    <ClInclude Include="source\draw\core\type-shader.h">
      <Filter>Source Files\draw</Filter>
    </ClInclude>
    <ClInclude Include="source\draw\type-graphics.h" />
    <ClInclude Include="source\draw\detail.h" />
    <ClInclude Include="source\draw\include.h" />
  </ItemGroup>
</Project>