<?xml version="1.0" encoding="utf-8"?>
<Project ToolsVersion="4.0" xmlns="http://schemas.microsoft.com/developer/msbuild/2003">
  <ItemGroup>
    <Filter Include="Source Files">
      <UniqueIdentifier>{4FC737F1-C7A5-4376-A066-2A32D752A2FF}</UniqueIdentifier>
      <Extensions>cpp;c;cc;cxx;def;odl;idl;hpj;bat;asm;asmx</Extensions>
    </Filter>
    <Filter Include="Source Files\fuse">
      <UniqueIdentifier>{7ad03cd5-507f-4587-a978-105d4b874988}</UniqueIdentifier>
    </Filter>
    <Filter Include="Source Files\files">
      <UniqueIdentifier>{2c2375ac-6bda-4ef8-9e7f-c95641e6b69b}</UniqueIdentifier>
    </Filter>
  </ItemGroup>
  <ItemGroup>
    <ClInclude Include="source\fuse\classes.h">
      <Filter>Source Files\fuse</Filter>
    </ClInclude>
    <ClInclude Include="source\ConsoleCanvas.h">
      <Filter>Source Files\fuse</Filter>
    </ClInclude>
    <ClInclude Include="source\fuse\classes\maths\include.h">
      <Filter>Source Files\fuse</Filter>
    </ClInclude>
    <ClInclude Include="source\fuse\classes\include.h">
      <Filter>Source Files\fuse</Filter>
    </ClInclude>
    <ClInclude Include="source\fuse\classes\maths\detail\type-swizzle.h">
      <Filter>Source Files\fuse</Filter>
    </ClInclude>
    <ClInclude Include="source\fuse\classes\maths\detail\type-swizzle-0.h">
      <Filter>Source Files\fuse</Filter>
    </ClInclude>
    <ClInclude Include="source\fuse\classes\maths\detail\type-swizzle-1.h">
      <Filter>Source Files\fuse</Filter>
    </ClInclude>
    <ClInclude Include="source\fuse\classes\maths\detail\type-swizzle-2.h">
      <Filter>Source Files\fuse</Filter>
    </ClInclude>
    <ClInclude Include="source\fuse\classes\type-Transform.h">
      <Filter>Source Files\fuse</Filter>
    </ClInclude>
    <ClInclude Include="source\fuse\classes\maths\vector\type-vec2.h">
      <Filter>Source Files\fuse</Filter>
    </ClInclude>
    <ClInclude Include="source\fuse\classes\maths\vector\type-vec3.h">
      <Filter>Source Files\fuse</Filter>
    </ClInclude>
    <ClInclude Include="source\fuse\classes\maths\vector\type-vec4.h">
      <Filter>Source Files\fuse</Filter>
    </ClInclude>
    <ClInclude Include="source\main.h">
      <Filter>Source Files</Filter>
    </ClInclude>
    <ClInclude Include="source\FlockEntity.h">
      <Filter>Source Files\files</Filter>
    </ClInclude>
    <ClInclude Include="source\FlockManagerScript.h">
      <Filter>Source Files\files</Filter>
    </ClInclude>
  </ItemGroup>
  <ItemGroup>
    <ClCompile Include="source\ConsoleCanvas.cpp">
      <Filter>Source Files\fuse</Filter>
    </ClCompile>
    <ClCompile Include="source\main.cpp">
      <Filter>Source Files</Filter>
    </ClCompile>
    <ClCompile Include="source\FlockEntity.cpp">
      <Filter>Source Files\files</Filter>
    </ClCompile>
    <ClCompile Include="source\FlockManagerScript.cpp">
      <Filter>Source Files\files</Filter>
    </ClCompile>
  </ItemGroup>
</Project>